
Microsoft Visual Studio Solution File, Format Version 12.00
# Visual Studio Version 17
VisualStudioVersion = 17.2.32516.85
MinimumVisualStudioVersion = 10.0.40219.1
Project("{FAE04EC0-301F-11D3-BF4B-00C04F79EFBC}") = "Reviews", "Reviews\Reviews.csproj", "{C1A72CD9-BB4B-40F4-8BEC-C1D2C087CF96}"
EndProject
Global
	GlobalSection(SolutionConfigurationPlatforms) = preSolution
		Debug|Any CPU = Debug|Any CPU
		Release|Any CPU = Release|Any CPU
	EndGlobalSection
	GlobalSection(ProjectConfigurationPlatforms) = postSolution
		{C1A72CD9-BB4B-40F4-8BEC-C1D2C087CF96}.Debug|Any CPU.ActiveCfg = Debug|Any CPU
		{C1A72CD9-BB4B-40F4-8BEC-C1D2C087CF96}.Debug|Any CPU.Build.0 = Debug|Any CPU
		{C1A72CD9-BB4B-40F4-8BEC-C1D2C087CF96}.Release|Any CPU.ActiveCfg = Release|Any CPU
		{C1A72CD9-BB4B-40F4-8BEC-C1D2C087CF96}.Release|Any CPU.Build.0 = Release|Any CPU
	EndGlobalSection
	GlobalSection(SolutionProperties) = preSolution
		HideSolutionNode = FALSE
	EndGlobalSection
	GlobalSection(ExtensibilityGlobals) = postSolution
		SolutionGuid = {0FC7E3CC-316E-4F14-89BB-164AB96FF5A1}
	EndGlobalSection
EndGlobal
